# This file is automatically @generated by pesde.
# It is not intended for manual editing.
format = 2
name = "ernisto/test"
version = "0.0.2-alpha"
target = "lune"

[graph."ernisto/test@0.0.2-alpha luau"]
direct = ["test", { name = "ernisto/test", version = "^0.0.2-alpha", index = "default", target = "luau" }, "standard"]

[graph."ernisto/test@0.0.2-alpha luau".pkg_ref]
ref_ty = "pesde"
index_url = "https://github.com/pesde-pkg/index"
